
Microsoft Visual Studio Solution File, Format Version 12.00
# Visual Studio Version 16
VisualStudioVersion = 16.0.31019.35
MinimumVisualStudioVersion = 10.0.40219.1
Project("{FAE04EC0-301F-11D3-BF4B-00C04F79EFBC}") = "TrainApp", "TrainApp\TrainApp.csproj", "{D80B978D-BEFA-418B-9D81-3F1DC56D092F}"
EndProject
Global
	GlobalSection(SolutionConfigurationPlatforms) = preSolution
		Debug|Any CPU = Debug|Any CPU
		Release|Any CPU = Release|Any CPU
	EndGlobalSection
	GlobalSection(ProjectConfigurationPlatforms) = postSolution
		{D80B978D-BEFA-418B-9D81-3F1DC56D092F}.Debug|Any CPU.ActiveCfg = Debug|Any CPU
		{D80B978D-BEFA-418B-9D81-3F1DC56D092F}.Debug|Any CPU.Build.0 = Debug|Any CPU
		{D80B978D-BEFA-418B-9D81-3F1DC56D092F}.Release|Any CPU.ActiveCfg = Release|Any CPU
		{D80B978D-BEFA-418B-9D81-3F1DC56D092F}.Release|Any CPU.Build.0 = Release|Any CPU
	EndGlobalSection
	GlobalSection(SolutionProperties) = preSolution
		HideSolutionNode = FALSE
	EndGlobalSection
	GlobalSection(ExtensibilityGlobals) = postSolution
		SolutionGuid = {868590C4-03AA-41C0-AF6D-7A89783977B6}
	EndGlobalSection
EndGlobal
